<?xml version="1.0" encoding="utf-8"?>
<Project ToolsVersion="4.0" xmlns="http://schemas.microsoft.com/developer/msbuild/2003">
  <ItemGroup>
    <ClCompile Include="Scene.cpp" />
    <ClCompile Include="stdafx.cpp" />
    <ClCompile Include="System\Keyboard.cpp">
      <Filter>System</Filter>
    </ClCompile>
    <ClCompile Include="Renders\Shader.cpp">
      <Filter>Renders</Filter>
    </ClCompile>
    <ClCompile Include="Utilities\Path.cpp">
      <Filter>Utilities</Filter>
    </ClCompile>
    <ClCompile Include="Utilities\String.cpp">
      <Filter>Utilities</Filter>
    </ClCompile>
    <ClCompile Include="Objects\Rect.cpp">
      <Filter>Objects</Filter>
    </ClCompile>
    <ClCompile Include="Objects\MovableRect.cpp">
      <Filter>Objects</Filter>
    </ClCompile>
    <ClCompile Include="System\Time.cpp">
      <Filter>System</Filter>
    </ClCompile>
    <ClCompile Include="System\Device.cpp">
      <Filter>System</Filter>
    </ClCompile>
    <ClCompile Include="Renders\PerFrame.cpp">
      <Filter>Renders</Filter>
    </ClCompile>
    <ClCompile Include="Renders\Sprite.cpp">
      <Filter>Renders</Filter>
    </ClCompile>
  </ItemGroup>
  <ItemGroup>
    <ClInclude Include="stdafx.h" />
    <ClInclude Include="System\Keyboard.h">
      <Filter>System</Filter>
    </ClInclude>
    <ClInclude Include="Renders\Shader.h">
      <Filter>Renders</Filter>
    </ClInclude>
    <ClInclude Include="Utilities\Path.h">
      <Filter>Utilities</Filter>
    </ClInclude>
    <ClInclude Include="Utilities\String.h">
      <Filter>Utilities</Filter>
    </ClInclude>
    <ClInclude Include="Objects\Rect.h">
      <Filter>Objects</Filter>
    </ClInclude>
    <ClInclude Include="Objects\MovableRect.h">
      <Filter>Objects</Filter>
    </ClInclude>
    <ClInclude Include="System\Time.h">
      <Filter>System</Filter>
    </ClInclude>
    <ClInclude Include="System\Device.h">
      <Filter>System</Filter>
    </ClInclude>
    <ClInclude Include="Renders\PerFrame.h">
      <Filter>Renders</Filter>
    </ClInclude>
    <ClInclude Include="Renders\Sprite.h">
      <Filter>Renders</Filter>
    </ClInclude>
  </ItemGroup>
  <ItemGroup>
    <Filter Include="System">
      <UniqueIdentifier>{7d93e25e-ce67-40c7-ac6c-83ff6f486a89}</UniqueIdentifier>
    </Filter>
    <Filter Include="Renders">
      <UniqueIdentifier>{35462b59-a534-4321-92e3-59dfc9fe0622}</UniqueIdentifier>
    </Filter>
    <Filter Include="Utilities">
      <UniqueIdentifier>{9196419b-1c13-477f-9a5d-b6692fcf63e3}</UniqueIdentifier>
    </Filter>
    <Filter Include="Objects">
      <UniqueIdentifier>{a05d78b2-1751-46fc-81a9-e3de28bf907a}</UniqueIdentifier>
    </Filter>
  </ItemGroup>
</Project>